
Microsoft Visual Studio Solution File, Format Version 12.00
# Visual Studio 2012
Project("{FAE04EC0-301F-11D3-BF4B-00C04F79EFBC}") = "Vidly", "Vidly\Vidly.csproj", "{82348222-90AE-4103-A364-1CCDC72F89AF}"
EndProject
Project("{FAE04EC0-301F-11D3-BF4B-00C04F79EFBC}") = "Vidly.Tests", "Vidly.Tests\Vidly.Tests.csproj", "{31E36E04-3D16-4117-AA39-51BD11FE8D24}"
EndProject
Global
	GlobalSection(SolutionConfigurationPlatforms) = preSolution
		Debug|Any CPU = Debug|Any CPU
		Release|Any CPU = Release|Any CPU
	EndGlobalSection
	GlobalSection(ProjectConfigurationPlatforms) = postSolution
		{82348222-90AE-4103-A364-1CCDC72F89AF}.Debug|Any CPU.ActiveCfg = Debug|Any CPU
		{82348222-90AE-4103-A364-1CCDC72F89AF}.Debug|Any CPU.Build.0 = Debug|Any CPU
		{82348222-90AE-4103-A364-1CCDC72F89AF}.Release|Any CPU.ActiveCfg = Release|Any CPU
		{82348222-90AE-4103-A364-1CCDC72F89AF}.Release|Any CPU.Build.0 = Release|Any CPU
		{31E36E04-3D16-4117-AA39-51BD11FE8D24}.Debug|Any CPU.ActiveCfg = Debug|Any CPU
		{31E36E04-3D16-4117-AA39-51BD11FE8D24}.Debug|Any CPU.Build.0 = Debug|Any CPU
		{31E36E04-3D16-4117-AA39-51BD11FE8D24}.Release|Any CPU.ActiveCfg = Release|Any CPU
		{31E36E04-3D16-4117-AA39-51BD11FE8D24}.Release|Any CPU.Build.0 = Release|Any CPU
	EndGlobalSection
EndGlobal
