
Microsoft Visual Studio Solution File, Format Version 12.00
# Visual Studio 2012
Project("{FAE04EC0-301F-11D3-BF4B-00C04F79EFBC}") = "Vidly", "Vidly\Vidly.csproj", "{791BCAF6-9E99-41D0-A9F5-905246216F82}"
EndProject
Project("{FAE04EC0-301F-11D3-BF4B-00C04F79EFBC}") = "Vidly.Tests", "Vidly.Tests\Vidly.Tests.csproj", "{C6BE7283-A36B-49EB-909D-0E98CBE4C7B4}"
EndProject
Global
	GlobalSection(SolutionConfigurationPlatforms) = preSolution
		Debug|Any CPU = Debug|Any CPU
		Release|Any CPU = Release|Any CPU
	EndGlobalSection
	GlobalSection(ProjectConfigurationPlatforms) = postSolution
		{791BCAF6-9E99-41D0-A9F5-905246216F82}.Debug|Any CPU.ActiveCfg = Debug|Any CPU
		{791BCAF6-9E99-41D0-A9F5-905246216F82}.Debug|Any CPU.Build.0 = Debug|Any CPU
		{791BCAF6-9E99-41D0-A9F5-905246216F82}.Release|Any CPU.ActiveCfg = Release|Any CPU
		{791BCAF6-9E99-41D0-A9F5-905246216F82}.Release|Any CPU.Build.0 = Release|Any CPU
		{C6BE7283-A36B-49EB-909D-0E98CBE4C7B4}.Debug|Any CPU.ActiveCfg = Debug|Any CPU
		{C6BE7283-A36B-49EB-909D-0E98CBE4C7B4}.Debug|Any CPU.Build.0 = Debug|Any CPU
		{C6BE7283-A36B-49EB-909D-0E98CBE4C7B4}.Release|Any CPU.ActiveCfg = Release|Any CPU
		{C6BE7283-A36B-49EB-909D-0E98CBE4C7B4}.Release|Any CPU.Build.0 = Release|Any CPU
	EndGlobalSection
EndGlobal
